
Microsoft Visual Studio Solution File, Format Version 12.00
# Visual Studio Version 17
VisualStudioVersion = 17.11.35327.3
MinimumVisualStudioVersion = 10.0.40219.1
Project("{8BC9CEB8-8B4A-11D0-8D11-00A0C91BC942}") = "Mediatheque", "Mediatheque\Mediatheque.vcxproj", "{789AB416-E24B-4808-B132-8EB7275824F4}"
EndProject
Global
	GlobalSection(SolutionConfigurationPlatforms) = preSolution
		Debug|x64 = Debug|x64
		Debug|x86 = Debug|x86
		Release|x64 = Release|x64
		Release|x86 = Release|x86
	EndGlobalSection
	GlobalSection(ProjectConfigurationPlatforms) = postSolution
		{789AB416-E24B-4808-B132-8EB7275824F4}.Debug|x64.ActiveCfg = Debug|x64
		{789AB416-E24B-4808-B132-8EB7275824F4}.Debug|x64.Build.0 = Debug|x64
		{789AB416-E24B-4808-B132-8EB7275824F4}.Debug|x86.ActiveCfg = Debug|Win32
		{789AB416-E24B-4808-B132-8EB7275824F4}.Debug|x86.Build.0 = Debug|Win32
		{789AB416-E24B-4808-B132-8EB7275824F4}.Release|x64.ActiveCfg = Release|x64
		{789AB416-E24B-4808-B132-8EB7275824F4}.Release|x64.Build.0 = Release|x64
		{789AB416-E24B-4808-B132-8EB7275824F4}.Release|x86.ActiveCfg = Release|Win32
		{789AB416-E24B-4808-B132-8EB7275824F4}.Release|x86.Build.0 = Release|Win32
	EndGlobalSection
	GlobalSection(SolutionProperties) = preSolution
		HideSolutionNode = FALSE
	EndGlobalSection
	GlobalSection(ExtensibilityGlobals) = postSolution
		SolutionGuid = {0BEE466E-C738-4A4B-87B9-5106AB82A287}
	EndGlobalSection
EndGlobal
